
Microsoft Visual Studio Solution File, Format Version 12.00
# Visual Studio 14
VisualStudioVersion = 14.0.25123.0
MinimumVisualStudioVersion = 10.0.40219.1
Project("{FAE04EC0-301F-11D3-BF4B-00C04F79EFBC}") = "Chapter2ConsoleApp", "Chapter2ConsoleApp\Chapter2ConsoleApp.csproj", "{86FD349C-1A7A-4A60-81C7-B0A2FF869891}"
EndProject
Global
	GlobalSection(SolutionConfigurationPlatforms) = preSolution
		Debug|Any CPU = Debug|Any CPU
		Release|Any CPU = Release|Any CPU
	EndGlobalSection
	GlobalSection(ProjectConfigurationPlatforms) = postSolution
		{86FD349C-1A7A-4A60-81C7-B0A2FF869891}.Debug|Any CPU.ActiveCfg = Debug|Any CPU
		{86FD349C-1A7A-4A60-81C7-B0A2FF869891}.Debug|Any CPU.Build.0 = Debug|Any CPU
		{86FD349C-1A7A-4A60-81C7-B0A2FF869891}.Release|Any CPU.ActiveCfg = Release|Any CPU
		{86FD349C-1A7A-4A60-81C7-B0A2FF869891}.Release|Any CPU.Build.0 = Release|Any CPU
	EndGlobalSection
	GlobalSection(SolutionProperties) = preSolution
		HideSolutionNode = FALSE
	EndGlobalSection
EndGlobal
